
Microsoft Visual Studio Solution File, Format Version 12.00
# Visual Studio Version 17
VisualStudioVersion = 17.8.34322.80
MinimumVisualStudioVersion = 10.0.40219.1
Project("{FAE04EC0-301F-11D3-BF4B-00C04F79EFBC}") = "SpecFlowAutomationFramework", "SpecFlowAutomationFramework.csproj", "{1ADDB236-BDC6-44D7-8817-DCEC5C7A5CAA}"
EndProject
Global
	GlobalSection(SolutionConfigurationPlatforms) = preSolution
		Debug|Any CPU = Debug|Any CPU
		Release|Any CPU = Release|Any CPU
	EndGlobalSection
	GlobalSection(ProjectConfigurationPlatforms) = postSolution
		{1ADDB236-BDC6-44D7-8817-DCEC5C7A5CAA}.Debug|Any CPU.ActiveCfg = Debug|Any CPU
		{1ADDB236-BDC6-44D7-8817-DCEC5C7A5CAA}.Debug|Any CPU.Build.0 = Debug|Any CPU
		{1ADDB236-BDC6-44D7-8817-DCEC5C7A5CAA}.Release|Any CPU.ActiveCfg = Release|Any CPU
		{1ADDB236-BDC6-44D7-8817-DCEC5C7A5CAA}.Release|Any CPU.Build.0 = Release|Any CPU
	EndGlobalSection
	GlobalSection(SolutionProperties) = preSolution
		HideSolutionNode = FALSE
	EndGlobalSection
	GlobalSection(ExtensibilityGlobals) = postSolution
		SolutionGuid = {75941E73-F9B2-4948-9ABC-47B78A8DB24F}
	EndGlobalSection
EndGlobal
